# THIS IS AN AUTOGENERATED FILE. DO NOT EDIT THIS FILE DIRECTLY.
# yarn lockfile v1


bintrees@1.0.2:
  version "1.0.2"
  resolved "https://registry.yarnpkg.com/bintrees/-/bintrees-1.0.2.tgz#49f896d6e858a4a499df85c38fb399b9aff840f8"
  integrity sha512-VOMgTMwjAaUG580SXn3LacVgjurrbMme7ZZNYGSSV7mmtY6QQRh0Eg3pwIcntQ77DErK1L0NxkbetjcoXzVwKw==

prom-client@^14.1.1:
  version "14.1.1"
  resolved "https://registry.yarnpkg.com/prom-client/-/prom-client-14.1.1.tgz#e9bebef0e2269bfde22a322f4ca803cb52b4a0c0"
  integrity sha512-hFU32q7UZQ59bVJQGUtm3I2PrJ3gWvoCkilX9sF165ks1qflhugVCeK+S1JjJYHvyt3o5kj68+q3bchormjnzw==
  dependencies:
    tdigest "^0.1.1"

tdigest@^0.1.1:
  version "0.1.2"
  resolved "https://registry.yarnpkg.com/tdigest/-/tdigest-0.1.2.tgz#96c64bac4ff10746b910b0e23b515794e12faced"
  integrity sha512-+G0LLgjjo9BZX2MfdvPfH+MKLCrxlXSYec5DaPYP1fe6Iyhf0/fSmJ0bFiZ1F8BT6cGXl2LpltQptzjXKWEkKA==
  dependencies:
    bintrees "1.0.2"
